// !$*UTF8*$!
{
	archiveVersion = 1;
	classes = {
	};
	objectVersion = 50;
	objects = {

/* Begin PBXBuildFile section */
		A39665AA24DD95C000DE06CF /* AppDelegate.swift in Sources */ = {isa = PBXBuildFile; fileRef = A39665A924DD95C000DE06CF /* AppDelegate.swift */; };
		A39665AC24DD95C000DE06CF /* SceneDelegate.swift in Sources */ = {isa = PBXBuildFile; fileRef = A39665AB24DD95C000DE06CF /* SceneDelegate.swift */; };
		A39665AE24DD95C000DE06CF /* LoginFromController.swift in Sources */ = {isa = PBXBuildFile; fileRef = A39665AD24DD95C000DE06CF /* LoginFromController.swift */; };
		A39665B324DD95C100DE06CF /* Assets.xcassets in Resources */ = {isa = PBXBuildFile; fileRef = A39665B224DD95C100DE06CF /* Assets.xcassets */; };
		A39665B624DD95C100DE06CF /* LaunchScreen.storyboard in Resources */ = {isa = PBXBuildFile; fileRef = A39665B424DD95C100DE06CF /* LaunchScreen.storyboard */; };
		A39665BE24DD95DC00DE06CF /* Weather in Resources */ = {isa = PBXBuildFile; fileRef = A39665BD24DD95DC00DE06CF /* Weather */; };
		A39665C324DD95F300DE06CF /* AllCities in Resources */ = {isa = PBXBuildFile; fileRef = A39665C224DD95F300DE06CF /* AllCities */; };
		A39665C524DD965B00DE06CF /* Main.storyboard in Resources */ = {isa = PBXBuildFile; fileRef = A39665C424DD965B00DE06CF /* Main.storyboard */; };
/* End PBXBuildFile section */

/* Begin PBXFileReference section */
		A39665A624DD95C000DE06CF /* WheaterApp.app */ = {isa = PBXFileReference; explicitFileType = wrapper.application; includeInIndex = 0; path = WheaterApp.app; sourceTree = BUILT_PRODUCTS_DIR; };
		A39665A924DD95C000DE06CF /* AppDelegate.swift */ = {isa = PBXFileReference; lastKnownFileType = sourcecode.swift; path = AppDelegate.swift; sourceTree = "<group>"; };
		A39665AB24DD95C000DE06CF /* SceneDelegate.swift */ = {isa = PBXFileReference; lastKnownFileType = sourcecode.swift; path = SceneDelegate.swift; sourceTree = "<group>"; };
		A39665AD24DD95C000DE06CF /* LoginFromController.swift */ = {isa = PBXFileReference; lastKnownFileType = sourcecode.swift; path = LoginFromController.swift; sourceTree = "<group>"; };
		A39665B224DD95C100DE06CF /* Assets.xcassets */ = {isa = PBXFileReference; lastKnownFileType = folder.assetcatalog; path = Assets.xcassets; sourceTree = "<group>"; };
		A39665B524DD95C100DE06CF /* Base */ = {isa = PBXFileReference; lastKnownFileType = file.storyboard; name = Base; path = Base.lproj/LaunchScreen.storyboard; sourceTree = "<group>"; };
		A39665B724DD95C100DE06CF /* Info.plist */ = {isa = PBXFileReference; lastKnownFileType = text.plist.xml; path = Info.plist; sourceTree = "<group>"; };
		A39665BD24DD95DC00DE06CF /* Weather */ = {isa = PBXFileReference; lastKnownFileType = folder; path = Weather; sourceTree = "<group>"; };
		A39665C024DD95E500DE06CF /* MyCitiesCell.swift */ = {isa = PBXFileReference; lastKnownFileType = sourcecode.swift; path = MyCitiesCell.swift; sourceTree = "<group>"; };
		A39665C124DD95E500DE06CF /* MyCitiesController.swift */ = {isa = PBXFileReference; lastKnownFileType = sourcecode.swift; path = MyCitiesController.swift; sourceTree = "<group>"; };
		A39665C224DD95F300DE06CF /* AllCities */ = {isa = PBXFileReference; lastKnownFileType = folder; path = AllCities; sourceTree = "<group>"; };
		A39665C424DD965B00DE06CF /* Main.storyboard */ = {isa = PBXFileReference; fileEncoding = 4; lastKnownFileType = file.storyboard; path = Main.storyboard; sourceTree = "<group>"; };
/* End PBXFileReference section */

/* Begin PBXFrameworksBuildPhase section */
		A39665A324DD95C000DE06CF /* Frameworks */ = {
			isa = PBXFrameworksBuildPhase;
			buildActionMask = 2147483647;
			files = (
			);
			runOnlyForDeploymentPostprocessing = 0;
		};
/* End PBXFrameworksBuildPhase section */

/* Begin PBXGroup section */
		A396659D24DD95C000DE06CF = {
			isa = PBXGroup;
			children = (
				A39665A824DD95C000DE06CF /* WheaterApp */,
				A39665A724DD95C000DE06CF /* Products */,
			);
			sourceTree = "<group>";
		};
		A39665A724DD95C000DE06CF /* Products */ = {
			isa = PBXGroup;
			children = (
				A39665A624DD95C000DE06CF /* WheaterApp.app */,
			);
			name = Products;
			sourceTree = "<group>";
		};
		A39665A824DD95C000DE06CF /* WheaterApp */ = {
			isa = PBXGroup;
			children = (
				A39665C224DD95F300DE06CF /* AllCities */,
				A39665BF24DD95E500DE06CF /* MyCities */,
				A39665BD24DD95DC00DE06CF /* Weather */,
				A39665A924DD95C000DE06CF /* AppDelegate.swift */,
				A39665AB24DD95C000DE06CF /* SceneDelegate.swift */,
				A39665AD24DD95C000DE06CF /* LoginFromController.swift */,
				A39665C424DD965B00DE06CF /* Main.storyboard */,
				A39665B224DD95C100DE06CF /* Assets.xcassets */,
				A39665B424DD95C100DE06CF /* LaunchScreen.storyboard */,
				A39665B724DD95C100DE06CF /* Info.plist */,
			);
			path = WheaterApp;
			sourceTree = "<group>";
		};
		A39665BF24DD95E500DE06CF /* MyCities */ = {
			isa = PBXGroup;
			children = (
				A39665C024DD95E500DE06CF /* MyCitiesCell.swift */,
				A39665C124DD95E500DE06CF /* MyCitiesController.swift */,
			);
			path = MyCities;
			sourceTree = "<group>";
		};
/* End PBXGroup section */

/* Begin PBXNativeTarget section */
		A39665A524DD95C000DE06CF /* WheaterApp */ = {
			isa = PBXNativeTarget;
			buildConfigurationList = A39665BA24DD95C100DE06CF /* Build configuration list for PBXNativeTarget "WheaterApp" */;
			buildPhases = (
				A39665A224DD95C000DE06CF /* Sources */,
				A39665A324DD95C000DE06CF /* Frameworks */,
				A39665A424DD95C000DE06CF /* Resources */,
			);
			buildRules = (
			);
			dependencies = (
			);
			name = WheaterApp;
			productName = WheaterApp;
			productReference = A39665A624DD95C000DE06CF /* WheaterApp.app */;
			productType = "com.apple.product-type.application";
		};
/* End PBXNativeTarget section */

/* Begin PBXProject section */
		A396659E24DD95C000DE06CF /* Project object */ = {
			isa = PBXProject;
			attributes = {
				LastSwiftUpdateCheck = 1160;
				LastUpgradeCheck = 1160;
				ORGANIZATIONNAME = Rayen;
				TargetAttributes = {
					A39665A524DD95C000DE06CF = {
						CreatedOnToolsVersion = 11.6;
					};
				};
			};
			buildConfigurationList = A39665A124DD95C000DE06CF /* Build configuration list for PBXProject "WheaterApp" */;
			compatibilityVersion = "Xcode 9.3";
			developmentRegion = en;
			hasScannedForEncodings = 0;
			knownRegions = (
				en,
				Base,
			);
			mainGroup = A396659D24DD95C000DE06CF;
			productRefGroup = A39665A724DD95C000DE06CF /* Products */;
			projectDirPath = "";
			projectRoot = "";
			targets = (
				A39665A524DD95C000DE06CF /* WheaterApp */,
			);
		};
/* End PBXProject section */

/* Begin PBXResourcesBuildPhase section */
		A39665A424DD95C000DE06CF /* Resources */ = {
			isa = PBXResourcesBuildPhase;
			buildActionMask = 2147483647;
			files = (
				A39665B624DD95C100DE06CF /* LaunchScreen.storyboard in Resources */,
				A39665C524DD965B00DE06CF /* Main.storyboard in Resources */,
				A39665B324DD95C100DE06CF /* Assets.xcassets in Resources */,
				A39665C324DD95F300DE06CF /* AllCities in Resources */,
				A39665BE24DD95DC00DE06CF /* Weather in Resources */,
			);
			runOnlyForDeploymentPostprocessing = 0;
		};
/* End PBXResourcesBuildPhase section */

/* Begin PBXSourcesBuildPhase section */
		A39665A224DD95C000DE06CF /* Sources */ = {
			isa = PBXSourcesBuildPhase;
			buildActionMask = 2147483647;
			files = (
				A39665AE24DD95C000DE06CF /* LoginFromController.swift in Sources */,
				A39665AA24DD95C000DE06CF /* AppDelegate.swift in Sources */,
				A39665AC24DD95C000DE06CF /* SceneDelegate.swift in Sources */,
			);
			runOnlyForDeploymentPostprocessing = 0;
		};
/* End PBXSourcesBuildPhase section */

/* Begin PBXVariantGroup section */
		A39665B424DD95C100DE06CF /* LaunchScreen.storyboard */ = {
			isa = PBXVariantGroup;
			children = (
				A39665B524DD95C100DE06CF /* Base */,
			);
			name = LaunchScreen.storyboard;
			sourceTree = "<group>";
		};
/* End PBXVariantGroup section */

/* Begin XCBuildConfiguration section */
		A39665B824DD95C100DE06CF /* Debug */ = {
			isa = XCBuildConfiguration;
			buildSettings = {
				ALWAYS_SEARCH_USER_PATHS = NO;
				CLANG_ANALYZER_NONNULL = YES;
				CLANG_ANALYZER_NUMBER_OBJECT_CONVERSION = YES_AGGRESSIVE;
				CLANG_CXX_LANGUAGE_STANDARD = "gnu++14";
				CLANG_CXX_LIBRARY = "libc++";
				CLANG_ENABLE_MODULES = YES;
				CLANG_ENABLE_OBJC_ARC = YES;
				CLANG_ENABLE_OBJC_WEAK = YES;
				CLANG_WARN_BLOCK_CAPTURE_AUTORELEASING = YES;
				CLANG_WARN_BOOL_CONVERSION = YES;
				CLANG_WARN_COMMA = YES;
				CLANG_WARN_CONSTANT_CONVERSION = YES;
				CLANG_WARN_DEPRECATED_OBJC_IMPLEMENTATIONS = YES;
				CLANG_WARN_DIRECT_OBJC_ISA_USAGE = YES_ERROR;
				CLANG_WARN_DOCUMENTATION_COMMENTS = YES;
				CLANG_WARN_EMPTY_BODY = YES;
				CLANG_WARN_ENUM_CONVERSION = YES;
				CLANG_WARN_INFINITE_RECURSION = YES;
				CLANG_WARN_INT_CONVERSION = YES;
				CLANG_WARN_NON_LITERAL_NULL_CONVERSION = YES;
				CLANG_WARN_OBJC_IMPLICIT_RETAIN_SELF = YES;
				CLANG_WARN_OBJC_LITERAL_CONVERSION = YES;
				CLANG_WARN_OBJC_ROOT_CLASS = YES_ERROR;
				CLANG_WARN_RANGE_LOOP_ANALYSIS = YES;
				CLANG_WARN_STRICT_PROTOTYPES = YES;
				CLANG_WARN_SUSPICIOUS_MOVE = YES;
				CLANG_WARN_UNGUARDED_AVAILABILITY = YES_AGGRESSIVE;
				CLANG_WARN_UNREACHABLE_CODE = YES;
				CLANG_WARN__DUPLICATE_METHOD_MATCH = YES;
				COPY_PHASE_STRIP = NO;
				DEBUG_INFORMATION_FORMAT = dwarf;
				ENABLE_STRICT_OBJC_MSGSEND = YES;
				ENABLE_TESTABILITY = YES;
				GCC_C_LANGUAGE_STANDARD = gnu11;
				GCC_DYNAMIC_NO_PIC = NO;
				GCC_NO_COMMON_BLOCKS = YES;
				GCC_OPTIMIZATION_LEVEL = 0;
				GCC_PREPROCESSOR_DEFINITIONS = (
					"DEBUG=1",
					"$(inherited)",
				);
				GCC_WARN_64_TO_32_BIT_CONVERSION = YES;
				GCC_WARN_ABOUT_RETURN_TYPE = YES_ERROR;
				GCC_WARN_UNDECLARED_SELECTOR = YES;
				GCC_WARN_UNINITIALIZED_AUTOS = YES_AGGRESSIVE;
				GCC_WARN_UNUSED_FUNCTION = YES;
				GCC_WARN_UNUSED_VARIABLE = YES;
				IPHONEOS_DEPLOYMENT_TARGET = 13.6;
				MTL_ENABLE_DEBUG_INFO = INCLUDE_SOURCE;
				MTL_FAST_MATH = YES;
				ONLY_ACTIVE_ARCH = YES;
				SDKROOT = iphoneos;
				SWIFT_ACTIVE_COMPILATION_CONDITIONS = DEBUG;
				SWIFT_OPTIMIZATION_LEVEL = "-Onone";
			};
			name = Debug;
		};
		A39665B924DD95C100DE06CF /* Release */ = {
			isa = XCBuildConfiguration;
			buildSettings = {
				ALWAYS_SEARCH_USER_PATHS = NO;
				CLANG_ANALYZER_NONNULL = YES;
				CLANG_ANALYZER_NUMBER_OBJECT_CONVERSION = YES_AGGRESSIVE;
				CLANG_CXX_LANGUAGE_STANDARD = "gnu++14";
				CLANG_CXX_LIBRARY = "libc++";
				CLANG_ENABLE_MODULES = YES;
				CLANG_ENABLE_OBJC_ARC = YES;
				CLANG_ENABLE_OBJC_WEAK = YES;
				CLANG_WARN_BLOCK_CAPTURE_AUTORELEASING = YES;
				CLANG_WARN_BOOL_CONVERSION = YES;
				CLANG_WARN_COMMA = YES;
				CLANG_WARN_CONSTANT_CONVERSION = YES;
				CLANG_WARN_DEPRECATED_OBJC_IMPLEMENTATIONS = YES;
				CLANG_WARN_DIRECT_OBJC_ISA_USAGE = YES_ERROR;
				CLANG_WARN_DOCUMENTATION_COMMENTS = YES;
				CLANG_WARN_EMPTY_BODY = YES;
				CLANG_WARN_ENUM_CONVERSION = YES;
				CLANG_WARN_INFINITE_RECURSION = YES;
				CLANG_WARN_INT_CONVERSION = YES;
				CLANG_WARN_NON_LITERAL_NULL_CONVERSION = YES;
				CLANG_WARN_OBJC_IMPLICIT_RETAIN_SELF = YES;
				CLANG_WARN_OBJC_LITERAL_CONVERSION = YES;
				CLANG_WARN_OBJC_ROOT_CLASS = YES_ERROR;
				CLANG_WARN_RANGE_LOOP_ANALYSIS = YES;
				CLANG_WARN_STRICT_PROTOTYPES = YES;
				CLANG_WARN_SUSPICIOUS_MOVE = YES;
				CLANG_WARN_UNGUARDED_AVAILABILITY = YES_AGGRESSIVE;
				CLANG_WARN_UNREACHABLE_CODE = YES;
				CLANG_WARN__DUPLICATE_METHOD_MATCH = YES;
				COPY_PHASE_STRIP = NO;
				DEBUG_INFORMATION_FORMAT = "dwarf-with-dsym";
				ENABLE_NS_ASSERTIONS = NO;
				ENABLE_STRICT_OBJC_MSGSEND = YES;
				GCC_C_LANGUAGE_STANDARD = gnu11;
				GCC_NO_COMMON_BLOCKS = YES;
				GCC_WARN_64_TO_32_BIT_CONVERSION = YES;
				GCC_WARN_ABOUT_RETURN_TYPE = YES_ERROR;
				GCC_WARN_UNDECLARED_SELECTOR = YES;
				GCC_WARN_UNINITIALIZED_AUTOS = YES_AGGRESSIVE;
				GCC_WARN_UNUSED_FUNCTION = YES;
				GCC_WARN_UNUSED_VARIABLE = YES;
				IPHONEOS_DEPLOYMENT_TARGET = 13.6;
				MTL_ENABLE_DEBUG_INFO = NO;
				MTL_FAST_MATH = YES;
				SDKROOT = iphoneos;
				SWIFT_COMPILATION_MODE = wholemodule;
				SWIFT_OPTIMIZATION_LEVEL = "-O";
				VALIDATE_PRODUCT = YES;
			};
			name = Release;
		};
		A39665BB24DD95C100DE06CF /* Debug */ = {
			isa = XCBuildConfiguration;
			buildSettings = {
				ASSETCATALOG_COMPILER_APPICON_NAME = AppIcon;
				CODE_SIGN_STYLE = Automatic;
				DEVELOPMENT_TEAM = 6S7VJYCU8F;
				INFOPLIST_FILE = WheaterApp/Info.plist;
				LD_RUNPATH_SEARCH_PATHS = (
					"$(inherited)",
					"@executable_path/Frameworks",
				);
				PRODUCT_BUNDLE_IDENTIFIER = Rayen.WheaterApp;
				PRODUCT_NAME = "$(TARGET_NAME)";
				SWIFT_VERSION = 5.0;
				TARGETED_DEVICE_FAMILY = "1,2";
			};
			name = Debug;
		};
		A39665BC24DD95C100DE06CF /* Release */ = {
			isa = XCBuildConfiguration;
			buildSettings = {
				ASSETCATALOG_COMPILER_APPICON_NAME = AppIcon;
				CODE_SIGN_STYLE = Automatic;
				DEVELOPMENT_TEAM = 6S7VJYCU8F;
				INFOPLIST_FILE = WheaterApp/Info.plist;
				LD_RUNPATH_SEARCH_PATHS = (
					"$(inherited)",
					"@executable_path/Frameworks",
				);
				PRODUCT_BUNDLE_IDENTIFIER = Rayen.WheaterApp;
				PRODUCT_NAME = "$(TARGET_NAME)";
				SWIFT_VERSION = 5.0;
				TARGETED_DEVICE_FAMILY = "1,2";
			};
			name = Release;
		};
/* End XCBuildConfiguration section */

/* Begin XCConfigurationList section */
		A39665A124DD95C000DE06CF /* Build configuration list for PBXProject "WheaterApp" */ = {
			isa = XCConfigurationList;
			buildConfigurations = (
				A39665B824DD95C100DE06CF /* Debug */,
				A39665B924DD95C100DE06CF /* Release */,
			);
			defaultConfigurationIsVisible = 0;
			defaultConfigurationName = Release;
		};
		A39665BA24DD95C100DE06CF /* Build configuration list for PBXNativeTarget "WheaterApp" */ = {
			isa = XCConfigurationList;
			buildConfigurations = (
				A39665BB24DD95C100DE06CF /* Debug */,
				A39665BC24DD95C100DE06CF /* Release */,
			);
			defaultConfigurationIsVisible = 0;
			defaultConfigurationName = Release;
		};
/* End XCConfigurationList section */
	};
	rootObject = A396659E24DD95C000DE06CF /* Project object */;
}
